
Microsoft Visual Studio Solution File, Format Version 12.00
# Visual Studio Version 17
VisualStudioVersion = 17.5.002.0
MinimumVisualStudioVersion = 10.0.40219.1
Project("{9A19103F-16F7-4668-BE54-9A1E7A4F7556}") = "RegTech.Web.OtcLookup", "RegTech.Web.OtcLookup.csproj", "{B60BBE67-50F4-4DA8-B987-4602CE2421BD}"
EndProject
Global
	GlobalSection(SolutionConfigurationPlatforms) = preSolution
		Debug|Any CPU = Debug|Any CPU
		Release|Any CPU = Release|Any CPU
	EndGlobalSection
	GlobalSection(ProjectConfigurationPlatforms) = postSolution
		{B60BBE67-50F4-4DA8-B987-4602CE2421BD}.Debug|Any CPU.ActiveCfg = Debug|Any CPU
		{B60BBE67-50F4-4DA8-B987-4602CE2421BD}.Debug|Any CPU.Build.0 = Debug|Any CPU
		{B60BBE67-50F4-4DA8-B987-4602CE2421BD}.Release|Any CPU.ActiveCfg = Release|Any CPU
		{B60BBE67-50F4-4DA8-B987-4602CE2421BD}.Release|Any CPU.Build.0 = Release|Any CPU
	EndGlobalSection
	GlobalSection(SolutionProperties) = preSolution
		HideSolutionNode = FALSE
	EndGlobalSection
	GlobalSection(ExtensibilityGlobals) = postSolution
		SolutionGuid = {A71A71E3-A933-45B1-87D5-FB1692B16E4A}
	EndGlobalSection
EndGlobal
