
Microsoft Visual Studio Solution File, Format Version 12.00
# Visual Studio Version 17
VisualStudioVersion = 17.10.34928.147
MinimumVisualStudioVersion = 10.0.40219.1
Project("{FAE04EC0-301F-11D3-BF4B-00C04F79EFBC}") = "RegTech.Web.OtcLookup", "RegTech.Web.OtcLookup\RegTech.Web.OtcLookup.csproj", "{333210E0-81CA-4595-AEBE-0510B88443D2}"
EndProject
Global
	GlobalSection(SolutionConfigurationPlatforms) = preSolution
		Debug|Any CPU = Debug|Any CPU
		Release|Any CPU = Release|Any CPU
	EndGlobalSection
	GlobalSection(ProjectConfigurationPlatforms) = postSolution
		{333210E0-81CA-4595-AEBE-0510B88443D2}.Debug|Any CPU.ActiveCfg = Debug|Any CPU
		{333210E0-81CA-4595-AEBE-0510B88443D2}.Debug|Any CPU.Build.0 = Debug|Any CPU
		{333210E0-81CA-4595-AEBE-0510B88443D2}.Release|Any CPU.ActiveCfg = Release|Any CPU
		{333210E0-81CA-4595-AEBE-0510B88443D2}.Release|Any CPU.Build.0 = Release|Any CPU
	EndGlobalSection
	GlobalSection(SolutionProperties) = preSolution
		HideSolutionNode = FALSE
	EndGlobalSection
	GlobalSection(ExtensibilityGlobals) = postSolution
		SolutionGuid = {3768134E-9E2D-4FFE-908C-73C6206551C7}
	EndGlobalSection
EndGlobal
